{
  "name": "privhub-profile",
  "version": "0.1.0",
  "lockfileVersion": 3,
  "requires": true,
  "packages": {
    "": {
      "name": "privhub-profile",
      "version": "0.1.0",
      "dependencies": {
        "privhub-admin": "file:../../../privhub-app/plugins/privhub-admin",
        "privhub-auth": "file:../../../privhub-app/plugins/privhub-auth",
        "privhub-core": "file:../../../privhub-app/plugins/privhub-core",
        "privhub-files": "file:../../../privhub-app/plugins/privhub-files",
        "privhub-trash": "file:../../../privhub-app/plugins/privhub-trash"
      }
    },
    "../../../privhub-app/plugins/privhub-admin": {
      "version": "0.1.0",
      "devDependencies": {
        "typescript": "^5.6.0"
      },
      "peerDependencies": {
        "@deepseek-ai/cordis": "^4.0.1"
      }
    },
    "../../../privhub-app/plugins/privhub-auth": {
      "version": "0.1.0",
      "devDependencies": {
        "typescript": "^5.6.0"
      },
      "peerDependencies": {
        "@deepseek-ai/cordis": "^4.0.1"
      }
    },
    "../../../privhub-app/plugins/privhub-core": {
      "version": "0.1.0",
      "devDependencies": {
        "typescript": "^5.6.0"
      },
      "peerDependencies": {
        "@deepseek-ai/cordis": "^4.0.1",
        "@deepseek-ai/schemastery": "^1.0.0"
      }
    },
    "../../../privhub-app/plugins/privhub-files": {
      "version": "0.1.0",
      "devDependencies": {
        "typescript": "^5.6.0"
      },
      "peerDependencies": {
        "@deepseek-ai/cordis": "^4.0.1"
      }
    },
    "../../../privhub-app/plugins/privhub-trash": {
      "version": "0.1.0",
      "devDependencies": {
        "typescript": "^5.6.0"
      },
      "peerDependencies": {
        "@deepseek-ai/cordis": "^4.0.1"
      }
    },
    "node_modules/privhub-admin": {
      "resolved": "../../../privhub-app/plugins/privhub-admin",
      "link": true
    },
    "node_modules/privhub-auth": {
      "resolved": "../../../privhub-app/plugins/privhub-auth",
      "link": true
    },
    "node_modules/privhub-core": {
      "resolved": "../../../privhub-app/plugins/privhub-core",
      "link": true
    },
    "node_modules/privhub-files": {
      "resolved": "../../../privhub-app/plugins/privhub-files",
      "link": true
    },
    "node_modules/privhub-trash": {
      "resolved": "../../../privhub-app/plugins/privhub-trash",
      "link": true
    }
  }
}
