lockfileVersion: '9.0'

settings:
  autoInstallPeers: false
  excludeLinksFromLockfile: false

importers:

  .:
    dependencies:
      privhub-server:
        specifier: file:F:/program/dsh-SQL/privhub/privhub-app/server
        version: file:../../../privhub-app/server

packages:

  privhub-server@file:../../../privhub-app/server:
    resolution: {directory: ../../../privhub-app/server, type: directory}
    peerDependencies:
      '@deepseek-ai/cordis': ^4.0.1
      '@deepseek-ai/schemastery': ^1.0.0

snapshots:

  privhub-server@file:../../../privhub-app/server: {}
